
Microsoft Visual Studio Solution File, Format Version 12.00
# Visual Studio Version 17
VisualStudioVersion = 17.5.33627.172
MinimumVisualStudioVersion = 10.0.40219.1
Project("{FAE04EC0-301F-11D3-BF4B-00C04F79EFBC}") = "CarPark.Api", "CarPark.Api\CarPark.Api.csproj", "{BC4308AD-3CB5-49D0-8A0A-BD81802E31E4}"
EndProject
Project("{FAE04EC0-301F-11D3-BF4B-00C04F79EFBC}") = "ApiServiceTests", "ApiServiceTests\ApiServiceTests.csproj", "{C7A533B0-A768-4D63-BB6B-DE1FC92E8047}"
EndProject
Global
	GlobalSection(SolutionConfigurationPlatforms) = preSolution
		Debug|Any CPU = Debug|Any CPU
		Release|Any CPU = Release|Any CPU
	EndGlobalSection
	GlobalSection(ProjectConfigurationPlatforms) = postSolution
		{BC4308AD-3CB5-49D0-8A0A-BD81802E31E4}.Debug|Any CPU.ActiveCfg = Debug|Any CPU
		{BC4308AD-3CB5-49D0-8A0A-BD81802E31E4}.Debug|Any CPU.Build.0 = Debug|Any CPU
		{BC4308AD-3CB5-49D0-8A0A-BD81802E31E4}.Release|Any CPU.ActiveCfg = Release|Any CPU
		{BC4308AD-3CB5-49D0-8A0A-BD81802E31E4}.Release|Any CPU.Build.0 = Release|Any CPU
		{C7A533B0-A768-4D63-BB6B-DE1FC92E8047}.Debug|Any CPU.ActiveCfg = Debug|Any CPU
		{C7A533B0-A768-4D63-BB6B-DE1FC92E8047}.Debug|Any CPU.Build.0 = Debug|Any CPU
		{C7A533B0-A768-4D63-BB6B-DE1FC92E8047}.Release|Any CPU.ActiveCfg = Release|Any CPU
		{C7A533B0-A768-4D63-BB6B-DE1FC92E8047}.Release|Any CPU.Build.0 = Release|Any CPU
	EndGlobalSection
	GlobalSection(SolutionProperties) = preSolution
		HideSolutionNode = FALSE
	EndGlobalSection
	GlobalSection(ExtensibilityGlobals) = postSolution
		SolutionGuid = {C8162C06-48A4-4260-B7E8-21223527FEEB}
	EndGlobalSection
EndGlobal
